
Microsoft Visual Studio Solution File, Format Version 12.00
# Visual Studio Version 16
VisualStudioVersion = 16.0.30611.23
MinimumVisualStudioVersion = 10.0.40219.1
Project("{9A19103F-16F7-4668-BE54-9A1E7A4F7556}") = "NOP.MMA", "NOP.MMA\NOP.MMA.csproj", "{DB96A979-ADCE-4072-8DEF-DE52885064C4}"
EndProject
Project("{9A19103F-16F7-4668-BE54-9A1E7A4F7556}") = "NOP.MMA.Tests", "NOP.MMA.Tests\NOP.MMA.Tests.csproj", "{E717C92A-E408-46E2-99EA-B4733425C40D}"
EndProject
Project("{FAE04EC0-301F-11D3-BF4B-00C04F79EFBC}") = "NOP.MMA.GUI", "NOP.MMA.GUI\NOP.MMA.GUI.csproj", "{3FC5E4E2-B135-467E-AE3C-EEC744E2C33C}"
EndProject
Global
	GlobalSection(SolutionConfigurationPlatforms) = preSolution
		Debug|Any CPU = Debug|Any CPU
		Release|Any CPU = Release|Any CPU
	EndGlobalSection
	GlobalSection(ProjectConfigurationPlatforms) = postSolution
		{DB96A979-ADCE-4072-8DEF-DE52885064C4}.Debug|Any CPU.ActiveCfg = Debug|Any CPU
		{DB96A979-ADCE-4072-8DEF-DE52885064C4}.Debug|Any CPU.Build.0 = Debug|Any CPU
		{DB96A979-ADCE-4072-8DEF-DE52885064C4}.Release|Any CPU.ActiveCfg = Release|Any CPU
		{DB96A979-ADCE-4072-8DEF-DE52885064C4}.Release|Any CPU.Build.0 = Release|Any CPU
		{E717C92A-E408-46E2-99EA-B4733425C40D}.Debug|Any CPU.ActiveCfg = Debug|Any CPU
		{E717C92A-E408-46E2-99EA-B4733425C40D}.Debug|Any CPU.Build.0 = Debug|Any CPU
		{E717C92A-E408-46E2-99EA-B4733425C40D}.Release|Any CPU.ActiveCfg = Release|Any CPU
		{E717C92A-E408-46E2-99EA-B4733425C40D}.Release|Any CPU.Build.0 = Release|Any CPU
		{3FC5E4E2-B135-467E-AE3C-EEC744E2C33C}.Debug|Any CPU.ActiveCfg = Debug|Any CPU
		{3FC5E4E2-B135-467E-AE3C-EEC744E2C33C}.Debug|Any CPU.Build.0 = Debug|Any CPU
		{3FC5E4E2-B135-467E-AE3C-EEC744E2C33C}.Release|Any CPU.ActiveCfg = Release|Any CPU
		{3FC5E4E2-B135-467E-AE3C-EEC744E2C33C}.Release|Any CPU.Build.0 = Release|Any CPU
	EndGlobalSection
	GlobalSection(SolutionProperties) = preSolution
		HideSolutionNode = FALSE
	EndGlobalSection
	GlobalSection(ExtensibilityGlobals) = postSolution
		SolutionGuid = {5C69BE67-2064-4CFF-8EC3-B6F81E17CD21}
	EndGlobalSection
EndGlobal
